
Microsoft Visual Studio Solution File, Format Version 12.00
# Visual Studio Version 17
VisualStudioVersion = 17.11.35219.272
MinimumVisualStudioVersion = 10.0.40219.1
Project("{9A19103F-16F7-4668-BE54-9A1E7A4F7556}") = "EventMangamentAPI", "EventMangamentAPI\EventMangamentAPI.csproj", "{354759CA-5B79-41A1-A716-7F75F30212F2}"
EndProject
Project("{FAE04EC0-301F-11D3-BF4B-00C04F79EFBC}") = "EventManagementConsole", "EventManagementConsole\EventManagementConsole.csproj", "{4E2F410B-9D83-4CEF-A9AA-CC076ED40CC0}"
EndProject
Global
	GlobalSection(SolutionConfigurationPlatforms) = preSolution
		Debug|Any CPU = Debug|Any CPU
		Release|Any CPU = Release|Any CPU
	EndGlobalSection
	GlobalSection(ProjectConfigurationPlatforms) = postSolution
		{354759CA-5B79-41A1-A716-7F75F30212F2}.Debug|Any CPU.ActiveCfg = Debug|Any CPU
		{354759CA-5B79-41A1-A716-7F75F30212F2}.Debug|Any CPU.Build.0 = Debug|Any CPU
		{354759CA-5B79-41A1-A716-7F75F30212F2}.Release|Any CPU.ActiveCfg = Release|Any CPU
		{354759CA-5B79-41A1-A716-7F75F30212F2}.Release|Any CPU.Build.0 = Release|Any CPU
		{4E2F410B-9D83-4CEF-A9AA-CC076ED40CC0}.Debug|Any CPU.ActiveCfg = Debug|Any CPU
		{4E2F410B-9D83-4CEF-A9AA-CC076ED40CC0}.Debug|Any CPU.Build.0 = Debug|Any CPU
		{4E2F410B-9D83-4CEF-A9AA-CC076ED40CC0}.Release|Any CPU.ActiveCfg = Release|Any CPU
		{4E2F410B-9D83-4CEF-A9AA-CC076ED40CC0}.Release|Any CPU.Build.0 = Release|Any CPU
	EndGlobalSection
	GlobalSection(SolutionProperties) = preSolution
		HideSolutionNode = FALSE
	EndGlobalSection
	GlobalSection(ExtensibilityGlobals) = postSolution
		SolutionGuid = {ACDB232B-11BA-4E3E-B5EF-1E18BB8824CF}
	EndGlobalSection
EndGlobal
